
Microsoft Visual Studio Solution File, Format Version 12.00
# Visual Studio Version 16
VisualStudioVersion = 16.0.31129.286
MinimumVisualStudioVersion = 10.0.40219.1
Project("{FAE04EC0-301F-11D3-BF4B-00C04F79EFBC}") = "IOCDI解读", "IOCDI解读\IOCDI解读.csproj", "{94265664-E073-48BC-9FEE-ECE1E81CFA87}"
EndProject
Project("{2150E333-8FDC-42A3-9474-1A3956D46DE8}") = "1Client", "1Client", "{08A865EA-D0D7-4FDF-A581-FD50404D7A07}"
EndProject
Project("{2150E333-8FDC-42A3-9474-1A3956D46DE8}") = "2BLL", "2BLL", "{6AA977C8-6F8D-48B2-BEBF-1069F8BCD47D}"
EndProject
Project("{2150E333-8FDC-42A3-9474-1A3956D46DE8}") = "3DAL", "3DAL", "{8E3D375D-7109-4B27-ACB3-7C9C0DF464AF}"
EndProject
Project("{2150E333-8FDC-42A3-9474-1A3956D46DE8}") = "4Common", "4Common", "{506BC0D7-FAA7-44B1-8715-BF14FE3D5051}"
EndProject
Project("{2150E333-8FDC-42A3-9474-1A3956D46DE8}") = "5OtherService", "5OtherService", "{00290121-C762-4956-8D83-8B77F8D0108E}"
EndProject
Project("{FAE04EC0-301F-11D3-BF4B-00C04F79EFBC}") = "IOCDIConsoleProject", "IOCDIConsoleProject\IOCDIConsoleProject.csproj", "{B721FE64-7CAA-4832-B123-085E47330E3E}"
EndProject
Project("{FAE04EC0-301F-11D3-BF4B-00C04F79EFBC}") = "IOCDIBLL", "IOCDIBLL\IOCDIBLL.csproj", "{1985F209-8155-4429-A1EE-382B7D9003F5}"
EndProject
Project("{FAE04EC0-301F-11D3-BF4B-00C04F79EFBC}") = "IOCDIIBLL", "IOCDIIBLL\IOCDIIBLL.csproj", "{B03A9572-D00E-41A0-9F7E-1459B7244F30}"
EndProject
Project("{FAE04EC0-301F-11D3-BF4B-00C04F79EFBC}") = "IOCDIDAL", "IOCDIDAL\IOCDIDAL.csproj", "{DB34E2D4-97E3-4AF9-9729-F3417FA64E69}"
EndProject
Project("{FAE04EC0-301F-11D3-BF4B-00C04F79EFBC}") = "IOCDIFramework", "IOCDIFramework\IOCDIFramework.csproj", "{98AF3366-749C-4DB5-B98A-8A9F3D91559C}"
EndProject
Project("{FAE04EC0-301F-11D3-BF4B-00C04F79EFBC}") = "IOCDIModel", "IOCDIModel\IOCDIModel.csproj", "{1DF0989F-7130-404B-B7D3-3A34DD2572E9}"
EndProject
Project("{FAE04EC0-301F-11D3-BF4B-00C04F79EFBC}") = "IOCDIIDAL", "IOCDIIDAL\IOCDIIDAL.csproj", "{71626669-5AD2-4CD3-BA9A-A0AF0BCED148}"
EndProject
Global
	GlobalSection(SolutionConfigurationPlatforms) = preSolution
		Debug|Any CPU = Debug|Any CPU
		Release|Any CPU = Release|Any CPU
	EndGlobalSection
	GlobalSection(ProjectConfigurationPlatforms) = postSolution
		{94265664-E073-48BC-9FEE-ECE1E81CFA87}.Debug|Any CPU.ActiveCfg = Debug|Any CPU
		{94265664-E073-48BC-9FEE-ECE1E81CFA87}.Debug|Any CPU.Build.0 = Debug|Any CPU
		{94265664-E073-48BC-9FEE-ECE1E81CFA87}.Release|Any CPU.ActiveCfg = Release|Any CPU
		{94265664-E073-48BC-9FEE-ECE1E81CFA87}.Release|Any CPU.Build.0 = Release|Any CPU
		{B721FE64-7CAA-4832-B123-085E47330E3E}.Debug|Any CPU.ActiveCfg = Debug|Any CPU
		{B721FE64-7CAA-4832-B123-085E47330E3E}.Debug|Any CPU.Build.0 = Debug|Any CPU
		{B721FE64-7CAA-4832-B123-085E47330E3E}.Release|Any CPU.ActiveCfg = Release|Any CPU
		{B721FE64-7CAA-4832-B123-085E47330E3E}.Release|Any CPU.Build.0 = Release|Any CPU
		{1985F209-8155-4429-A1EE-382B7D9003F5}.Debug|Any CPU.ActiveCfg = Debug|Any CPU
		{1985F209-8155-4429-A1EE-382B7D9003F5}.Debug|Any CPU.Build.0 = Debug|Any CPU
		{1985F209-8155-4429-A1EE-382B7D9003F5}.Release|Any CPU.ActiveCfg = Release|Any CPU
		{1985F209-8155-4429-A1EE-382B7D9003F5}.Release|Any CPU.Build.0 = Release|Any CPU
		{B03A9572-D00E-41A0-9F7E-1459B7244F30}.Debug|Any CPU.ActiveCfg = Debug|Any CPU
		{B03A9572-D00E-41A0-9F7E-1459B7244F30}.Debug|Any CPU.Build.0 = Debug|Any CPU
		{B03A9572-D00E-41A0-9F7E-1459B7244F30}.Release|Any CPU.ActiveCfg = Release|Any CPU
		{B03A9572-D00E-41A0-9F7E-1459B7244F30}.Release|Any CPU.Build.0 = Release|Any CPU
		{DB34E2D4-97E3-4AF9-9729-F3417FA64E69}.Debug|Any CPU.ActiveCfg = Debug|Any CPU
		{DB34E2D4-97E3-4AF9-9729-F3417FA64E69}.Debug|Any CPU.Build.0 = Debug|Any CPU
		{DB34E2D4-97E3-4AF9-9729-F3417FA64E69}.Release|Any CPU.ActiveCfg = Release|Any CPU
		{DB34E2D4-97E3-4AF9-9729-F3417FA64E69}.Release|Any CPU.Build.0 = Release|Any CPU
		{98AF3366-749C-4DB5-B98A-8A9F3D91559C}.Debug|Any CPU.ActiveCfg = Debug|Any CPU
		{98AF3366-749C-4DB5-B98A-8A9F3D91559C}.Debug|Any CPU.Build.0 = Debug|Any CPU
		{98AF3366-749C-4DB5-B98A-8A9F3D91559C}.Release|Any CPU.ActiveCfg = Release|Any CPU
		{98AF3366-749C-4DB5-B98A-8A9F3D91559C}.Release|Any CPU.Build.0 = Release|Any CPU
		{1DF0989F-7130-404B-B7D3-3A34DD2572E9}.Debug|Any CPU.ActiveCfg = Debug|Any CPU
		{1DF0989F-7130-404B-B7D3-3A34DD2572E9}.Debug|Any CPU.Build.0 = Debug|Any CPU
		{1DF0989F-7130-404B-B7D3-3A34DD2572E9}.Release|Any CPU.ActiveCfg = Release|Any CPU
		{1DF0989F-7130-404B-B7D3-3A34DD2572E9}.Release|Any CPU.Build.0 = Release|Any CPU
		{71626669-5AD2-4CD3-BA9A-A0AF0BCED148}.Debug|Any CPU.ActiveCfg = Debug|Any CPU
		{71626669-5AD2-4CD3-BA9A-A0AF0BCED148}.Debug|Any CPU.Build.0 = Debug|Any CPU
		{71626669-5AD2-4CD3-BA9A-A0AF0BCED148}.Release|Any CPU.ActiveCfg = Release|Any CPU
		{71626669-5AD2-4CD3-BA9A-A0AF0BCED148}.Release|Any CPU.Build.0 = Release|Any CPU
	EndGlobalSection
	GlobalSection(SolutionProperties) = preSolution
		HideSolutionNode = FALSE
	EndGlobalSection
	GlobalSection(NestedProjects) = preSolution
		{94265664-E073-48BC-9FEE-ECE1E81CFA87} = {08A865EA-D0D7-4FDF-A581-FD50404D7A07}
		{B721FE64-7CAA-4832-B123-085E47330E3E} = {08A865EA-D0D7-4FDF-A581-FD50404D7A07}
		{1985F209-8155-4429-A1EE-382B7D9003F5} = {6AA977C8-6F8D-48B2-BEBF-1069F8BCD47D}
		{B03A9572-D00E-41A0-9F7E-1459B7244F30} = {6AA977C8-6F8D-48B2-BEBF-1069F8BCD47D}
		{DB34E2D4-97E3-4AF9-9729-F3417FA64E69} = {8E3D375D-7109-4B27-ACB3-7C9C0DF464AF}
		{98AF3366-749C-4DB5-B98A-8A9F3D91559C} = {506BC0D7-FAA7-44B1-8715-BF14FE3D5051}
		{1DF0989F-7130-404B-B7D3-3A34DD2572E9} = {506BC0D7-FAA7-44B1-8715-BF14FE3D5051}
		{71626669-5AD2-4CD3-BA9A-A0AF0BCED148} = {8E3D375D-7109-4B27-ACB3-7C9C0DF464AF}
	EndGlobalSection
	GlobalSection(ExtensibilityGlobals) = postSolution
		SolutionGuid = {257769C5-C41E-4C75-8528-3B96E51B528A}
	EndGlobalSection
EndGlobal
